// !$*UTF8*$!
{
	archiveVersion = 1;
	classes = {
	};
	objectVersion = 50;
	objects = {

/* Begin PBXBuildFile section */
		00514C49265FEC6900DFABD9 /* Platform+Utils.m in Sources */ = {isa = PBXBuildFile; fileRef = 00514C48265FEC6900DFABD9 /* Platform+Utils.m */; };
		00514C4C265FFFEE00DFABD9 /* AddEpisodesViewController.m in Sources */ = {isa = PBXBuildFile; fileRef = 00514C4B265FFFEE00DFABD9 /* AddEpisodesViewController.m */; };
		0051888E265BFBB6004EBC2A /* AddShowTableViewController.m in Sources */ = {isa = PBXBuildFile; fileRef = 0051888D265BFBB6004EBC2A /* AddShowTableViewController.m */; };
		00518897265D5AB4004EBC2A /* SeasonDetailTableViewController.m in Sources */ = {isa = PBXBuildFile; fileRef = 00518896265D5AB4004EBC2A /* SeasonDetailTableViewController.m */; };
		0051889A265D6255004EBC2A /* EpisodeDetailViewController.m in Sources */ = {isa = PBXBuildFile; fileRef = 00518899265D6255004EBC2A /* EpisodeDetailViewController.m */; };
		005C3353265566EA003E5607 /* AppDelegate.m in Sources */ = {isa = PBXBuildFile; fileRef = 005C3352265566EA003E5607 /* AppDelegate.m */; };
		005C3356265566EA003E5607 /* SceneDelegate.m in Sources */ = {isa = PBXBuildFile; fileRef = 005C3355265566EA003E5607 /* SceneDelegate.m */; };
		005C335C265566EA003E5607 /* Main.storyboard in Resources */ = {isa = PBXBuildFile; fileRef = 005C335A265566EA003E5607 /* Main.storyboard */; };
		005C335E265566EC003E5607 /* Assets.xcassets in Resources */ = {isa = PBXBuildFile; fileRef = 005C335D265566EC003E5607 /* Assets.xcassets */; };
		005C3361265566EC003E5607 /* LaunchScreen.storyboard in Resources */ = {isa = PBXBuildFile; fileRef = 005C335F265566EC003E5607 /* LaunchScreen.storyboard */; };
		005C3364265566EC003E5607 /* main.m in Sources */ = {isa = PBXBuildFile; fileRef = 005C3363265566EC003E5607 /* main.m */; };
		005C336F26556932003E5607 /* ShowListTableViewController.m in Sources */ = {isa = PBXBuildFile; fileRef = 005C336E26556932003E5607 /* ShowListTableViewController.m */; };
		005C337226556C86003E5607 /* ShowDetailTableViewController.m in Sources */ = {isa = PBXBuildFile; fileRef = 005C337126556C86003E5607 /* ShowDetailTableViewController.m */; };
		00A50A39265E61F30087DE36 /* MyTVShow.xcdatamodeld in Sources */ = {isa = PBXBuildFile; fileRef = 00A50A37265E61F30087DE36 /* MyTVShow.xcdatamodeld */; };
		00A50A77265EEFB60087DE36 /* TVShow+Utils.m in Sources */ = {isa = PBXBuildFile; fileRef = 00A50A76265EEFB60087DE36 /* TVShow+Utils.m */; };
		00A50AB9265EFE590087DE36 /* Category+Utils.m in Sources */ = {isa = PBXBuildFile; fileRef = 00A50AB8265EFE590087DE36 /* Category+Utils.m */; };
		00A50ABC265F98970087DE36 /* Season+Utils.m in Sources */ = {isa = PBXBuildFile; fileRef = 00A50ABB265F98970087DE36 /* Season+Utils.m */; };
		00A50AEF265FAE4D0087DE36 /* Platform+CoreDataClass.m in Sources */ = {isa = PBXBuildFile; fileRef = 00A50ADD265FAE4D0087DE36 /* Platform+CoreDataClass.m */; };
		00A50AF0265FAE4D0087DE36 /* Platform+CoreDataProperties.m in Sources */ = {isa = PBXBuildFile; fileRef = 00A50ADE265FAE4D0087DE36 /* Platform+CoreDataProperties.m */; };
		00A50AF1265FAE4D0087DE36 /* Category+CoreDataClass.m in Sources */ = {isa = PBXBuildFile; fileRef = 00A50AE1265FAE4D0087DE36 /* Category+CoreDataClass.m */; };
		00A50AF2265FAE4D0087DE36 /* Category+CoreDataProperties.m in Sources */ = {isa = PBXBuildFile; fileRef = 00A50AE2265FAE4D0087DE36 /* Category+CoreDataProperties.m */; };
		00A50AF3265FAE4D0087DE36 /* Episode+CoreDataClass.m in Sources */ = {isa = PBXBuildFile; fileRef = 00A50AE5265FAE4D0087DE36 /* Episode+CoreDataClass.m */; };
		00A50AF4265FAE4D0087DE36 /* Episode+CoreDataProperties.m in Sources */ = {isa = PBXBuildFile; fileRef = 00A50AE6265FAE4D0087DE36 /* Episode+CoreDataProperties.m */; };
		00A50AF5265FAE4D0087DE36 /* Season+CoreDataClass.m in Sources */ = {isa = PBXBuildFile; fileRef = 00A50AE9265FAE4D0087DE36 /* Season+CoreDataClass.m */; };
		00A50AF6265FAE4D0087DE36 /* Season+CoreDataProperties.m in Sources */ = {isa = PBXBuildFile; fileRef = 00A50AEA265FAE4D0087DE36 /* Season+CoreDataProperties.m */; };
		00A50AF7265FAE4D0087DE36 /* TVShow+CoreDataClass.m in Sources */ = {isa = PBXBuildFile; fileRef = 00A50AED265FAE4D0087DE36 /* TVShow+CoreDataClass.m */; };
		00A50AF8265FAE4D0087DE36 /* TVShow+CoreDataProperties.m in Sources */ = {isa = PBXBuildFile; fileRef = 00A50AEE265FAE4D0087DE36 /* TVShow+CoreDataProperties.m */; };
		00A50AFE265FBEF70087DE36 /* Episode+Utils.m in Sources */ = {isa = PBXBuildFile; fileRef = 00A50AFD265FBEF70087DE36 /* Episode+Utils.m */; };
/* End PBXBuildFile section */

/* Begin PBXFileReference section */
		00514C47265FEC6900DFABD9 /* Platform+Utils.h */ = {isa = PBXFileReference; lastKnownFileType = sourcecode.c.h; path = "Platform+Utils.h"; sourceTree = "<group>"; };
		00514C48265FEC6900DFABD9 /* Platform+Utils.m */ = {isa = PBXFileReference; lastKnownFileType = sourcecode.c.objc; path = "Platform+Utils.m"; sourceTree = "<group>"; };
		00514C4A265FFFEE00DFABD9 /* AddEpisodesViewController.h */ = {isa = PBXFileReference; lastKnownFileType = sourcecode.c.h; name = AddEpisodesViewController.h; path = Model/AddEpisodesViewController.h; sourceTree = "<group>"; };
		00514C4B265FFFEE00DFABD9 /* AddEpisodesViewController.m */ = {isa = PBXFileReference; lastKnownFileType = sourcecode.c.objc; name = AddEpisodesViewController.m; path = Model/AddEpisodesViewController.m; sourceTree = "<group>"; };
		0051888C265BFBB6004EBC2A /* AddShowTableViewController.h */ = {isa = PBXFileReference; lastKnownFileType = sourcecode.c.h; path = AddShowTableViewController.h; sourceTree = "<group>"; };
		0051888D265BFBB6004EBC2A /* AddShowTableViewController.m */ = {isa = PBXFileReference; lastKnownFileType = sourcecode.c.objc; path = AddShowTableViewController.m; sourceTree = "<group>"; };
		00518895265D5AB4004EBC2A /* SeasonDetailTableViewController.h */ = {isa = PBXFileReference; lastKnownFileType = sourcecode.c.h; path = SeasonDetailTableViewController.h; sourceTree = "<group>"; };
		00518896265D5AB4004EBC2A /* SeasonDetailTableViewController.m */ = {isa = PBXFileReference; lastKnownFileType = sourcecode.c.objc; path = SeasonDetailTableViewController.m; sourceTree = "<group>"; };
		00518898265D6255004EBC2A /* EpisodeDetailViewController.h */ = {isa = PBXFileReference; lastKnownFileType = sourcecode.c.h; path = EpisodeDetailViewController.h; sourceTree = "<group>"; };
		00518899265D6255004EBC2A /* EpisodeDetailViewController.m */ = {isa = PBXFileReference; lastKnownFileType = sourcecode.c.objc; path = EpisodeDetailViewController.m; sourceTree = "<group>"; };
		005C334E265566EA003E5607 /* MyTVShows.app */ = {isa = PBXFileReference; explicitFileType = wrapper.application; includeInIndex = 0; path = MyTVShows.app; sourceTree = BUILT_PRODUCTS_DIR; };
		005C3351265566EA003E5607 /* AppDelegate.h */ = {isa = PBXFileReference; lastKnownFileType = sourcecode.c.h; path = AppDelegate.h; sourceTree = "<group>"; };
		005C3352265566EA003E5607 /* AppDelegate.m */ = {isa = PBXFileReference; lastKnownFileType = sourcecode.c.objc; path = AppDelegate.m; sourceTree = "<group>"; };
		005C3354265566EA003E5607 /* SceneDelegate.h */ = {isa = PBXFileReference; lastKnownFileType = sourcecode.c.h; path = SceneDelegate.h; sourceTree = "<group>"; };
		005C3355265566EA003E5607 /* SceneDelegate.m */ = {isa = PBXFileReference; lastKnownFileType = sourcecode.c.objc; path = SceneDelegate.m; sourceTree = "<group>"; };
		005C335B265566EA003E5607 /* Base */ = {isa = PBXFileReference; lastKnownFileType = file.storyboard; name = Base; path = Base.lproj/Main.storyboard; sourceTree = "<group>"; };
		005C335D265566EC003E5607 /* Assets.xcassets */ = {isa = PBXFileReference; lastKnownFileType = folder.assetcatalog; path = Assets.xcassets; sourceTree = "<group>"; };
		005C3360265566EC003E5607 /* Base */ = {isa = PBXFileReference; lastKnownFileType = file.storyboard; name = Base; path = Base.lproj/LaunchScreen.storyboard; sourceTree = "<group>"; };
		005C3362265566EC003E5607 /* Info.plist */ = {isa = PBXFileReference; lastKnownFileType = text.plist.xml; path = Info.plist; sourceTree = "<group>"; };
		005C3363265566EC003E5607 /* main.m */ = {isa = PBXFileReference; lastKnownFileType = sourcecode.c.objc; path = main.m; sourceTree = "<group>"; };
		005C336D26556932003E5607 /* ShowListTableViewController.h */ = {isa = PBXFileReference; lastKnownFileType = sourcecode.c.h; path = ShowListTableViewController.h; sourceTree = "<group>"; };
		005C336E26556932003E5607 /* ShowListTableViewController.m */ = {isa = PBXFileReference; lastKnownFileType = sourcecode.c.objc; path = ShowListTableViewController.m; sourceTree = "<group>"; };
		005C337026556C86003E5607 /* ShowDetailTableViewController.h */ = {isa = PBXFileReference; lastKnownFileType = sourcecode.c.h; path = ShowDetailTableViewController.h; sourceTree = "<group>"; };
		005C337126556C86003E5607 /* ShowDetailTableViewController.m */ = {isa = PBXFileReference; lastKnownFileType = sourcecode.c.objc; path = ShowDetailTableViewController.m; sourceTree = "<group>"; };
		00A50A38265E61F30087DE36 /* MyTVShow.xcdatamodel */ = {isa = PBXFileReference; lastKnownFileType = wrapper.xcdatamodel; path = MyTVShow.xcdatamodel; sourceTree = "<group>"; };
		00A50A75265EEFB60087DE36 /* TVShow+Utils.h */ = {isa = PBXFileReference; lastKnownFileType = sourcecode.c.h; path = "TVShow+Utils.h"; sourceTree = "<group>"; };
		00A50A76265EEFB60087DE36 /* TVShow+Utils.m */ = {isa = PBXFileReference; lastKnownFileType = sourcecode.c.objc; path = "TVShow+Utils.m"; sourceTree = "<group>"; };
		00A50AB7265EFE590087DE36 /* Category+Utils.h */ = {isa = PBXFileReference; lastKnownFileType = sourcecode.c.h; path = "Category+Utils.h"; sourceTree = "<group>"; };
		00A50AB8265EFE590087DE36 /* Category+Utils.m */ = {isa = PBXFileReference; lastKnownFileType = sourcecode.c.objc; path = "Category+Utils.m"; sourceTree = "<group>"; };
		00A50ABA265F98970087DE36 /* Season+Utils.h */ = {isa = PBXFileReference; lastKnownFileType = sourcecode.c.h; path = "Season+Utils.h"; sourceTree = "<group>"; };
		00A50ABB265F98970087DE36 /* Season+Utils.m */ = {isa = PBXFileReference; lastKnownFileType = sourcecode.c.objc; path = "Season+Utils.m"; sourceTree = "<group>"; };
		00A50ADB265FAE4D0087DE36 /* Platform+CoreDataProperties.h */ = {isa = PBXFileReference; lastKnownFileType = sourcecode.c.h; path = "Platform+CoreDataProperties.h"; sourceTree = SOURCE_ROOT; };
		00A50ADC265FAE4D0087DE36 /* Platform+CoreDataClass.h */ = {isa = PBXFileReference; lastKnownFileType = sourcecode.c.h; path = "Platform+CoreDataClass.h"; sourceTree = SOURCE_ROOT; };
		00A50ADD265FAE4D0087DE36 /* Platform+CoreDataClass.m */ = {isa = PBXFileReference; lastKnownFileType = sourcecode.c.objc; path = "Platform+CoreDataClass.m"; sourceTree = SOURCE_ROOT; };
		00A50ADE265FAE4D0087DE36 /* Platform+CoreDataProperties.m */ = {isa = PBXFileReference; lastKnownFileType = sourcecode.c.objc; path = "Platform+CoreDataProperties.m"; sourceTree = SOURCE_ROOT; };
		00A50ADF265FAE4D0087DE36 /* Category+CoreDataProperties.h */ = {isa = PBXFileReference; lastKnownFileType = sourcecode.c.h; path = "Category+CoreDataProperties.h"; sourceTree = SOURCE_ROOT; };
		00A50AE0265FAE4D0087DE36 /* Category+CoreDataClass.h */ = {isa = PBXFileReference; lastKnownFileType = sourcecode.c.h; path = "Category+CoreDataClass.h"; sourceTree = SOURCE_ROOT; };
		00A50AE1265FAE4D0087DE36 /* Category+CoreDataClass.m */ = {isa = PBXFileReference; lastKnownFileType = sourcecode.c.objc; path = "Category+CoreDataClass.m"; sourceTree = SOURCE_ROOT; };
		00A50AE2265FAE4D0087DE36 /* Category+CoreDataProperties.m */ = {isa = PBXFileReference; lastKnownFileType = sourcecode.c.objc; path = "Category+CoreDataProperties.m"; sourceTree = SOURCE_ROOT; };
		00A50AE3265FAE4D0087DE36 /* Episode+CoreDataProperties.h */ = {isa = PBXFileReference; lastKnownFileType = sourcecode.c.h; path = "Episode+CoreDataProperties.h"; sourceTree = SOURCE_ROOT; };
		00A50AE4265FAE4D0087DE36 /* Episode+CoreDataClass.h */ = {isa = PBXFileReference; lastKnownFileType = sourcecode.c.h; path = "Episode+CoreDataClass.h"; sourceTree = SOURCE_ROOT; };
		00A50AE5265FAE4D0087DE36 /* Episode+CoreDataClass.m */ = {isa = PBXFileReference; lastKnownFileType = sourcecode.c.objc; path = "Episode+CoreDataClass.m"; sourceTree = SOURCE_ROOT; };
		00A50AE6265FAE4D0087DE36 /* Episode+CoreDataProperties.m */ = {isa = PBXFileReference; lastKnownFileType = sourcecode.c.objc; path = "Episode+CoreDataProperties.m"; sourceTree = SOURCE_ROOT; };
		00A50AE7265FAE4D0087DE36 /* Season+CoreDataProperties.h */ = {isa = PBXFileReference; lastKnownFileType = sourcecode.c.h; path = "Season+CoreDataProperties.h"; sourceTree = SOURCE_ROOT; };
		00A50AE8265FAE4D0087DE36 /* Season+CoreDataClass.h */ = {isa = PBXFileReference; lastKnownFileType = sourcecode.c.h; path = "Season+CoreDataClass.h"; sourceTree = SOURCE_ROOT; };
		00A50AE9265FAE4D0087DE36 /* Season+CoreDataClass.m */ = {isa = PBXFileReference; lastKnownFileType = sourcecode.c.objc; path = "Season+CoreDataClass.m"; sourceTree = SOURCE_ROOT; };
		00A50AEA265FAE4D0087DE36 /* Season+CoreDataProperties.m */ = {isa = PBXFileReference; lastKnownFileType = sourcecode.c.objc; path = "Season+CoreDataProperties.m"; sourceTree = SOURCE_ROOT; };
		00A50AEB265FAE4D0087DE36 /* TVShow+CoreDataProperties.h */ = {isa = PBXFileReference; lastKnownFileType = sourcecode.c.h; path = "TVShow+CoreDataProperties.h"; sourceTree = SOURCE_ROOT; };
		00A50AEC265FAE4D0087DE36 /* TVShow+CoreDataClass.h */ = {isa = PBXFileReference; lastKnownFileType = sourcecode.c.h; path = "TVShow+CoreDataClass.h"; sourceTree = SOURCE_ROOT; };
		00A50AED265FAE4D0087DE36 /* TVShow+CoreDataClass.m */ = {isa = PBXFileReference; lastKnownFileType = sourcecode.c.objc; path = "TVShow+CoreDataClass.m"; sourceTree = SOURCE_ROOT; };
		00A50AEE265FAE4D0087DE36 /* TVShow+CoreDataProperties.m */ = {isa = PBXFileReference; lastKnownFileType = sourcecode.c.objc; path = "TVShow+CoreDataProperties.m"; sourceTree = SOURCE_ROOT; };
		00A50AFC265FBEF70087DE36 /* Episode+Utils.h */ = {isa = PBXFileReference; lastKnownFileType = sourcecode.c.h; path = "Episode+Utils.h"; sourceTree = SOURCE_ROOT; };
		00A50AFD265FBEF70087DE36 /* Episode+Utils.m */ = {isa = PBXFileReference; lastKnownFileType = sourcecode.c.objc; path = "Episode+Utils.m"; sourceTree = SOURCE_ROOT; };
/* End PBXFileReference section */

/* Begin PBXFrameworksBuildPhase section */
		005C334B265566EA003E5607 /* Frameworks */ = {
			isa = PBXFrameworksBuildPhase;
			buildActionMask = 2147483647;
			files = (
			);
			runOnlyForDeploymentPostprocessing = 0;
		};
/* End PBXFrameworksBuildPhase section */

/* Begin PBXGroup section */
		005C3345265566EA003E5607 = {
			isa = PBXGroup;
			children = (
				005C3350265566EA003E5607 /* MyTVShows */,
				005C334F265566EA003E5607 /* Products */,
			);
			sourceTree = "<group>";
		};
		005C334F265566EA003E5607 /* Products */ = {
			isa = PBXGroup;
			children = (
				005C334E265566EA003E5607 /* MyTVShows.app */,
			);
			name = Products;
			sourceTree = "<group>";
		};
		005C3350265566EA003E5607 /* MyTVShows */ = {
			isa = PBXGroup;
			children = (
				005C335A265566EA003E5607 /* Main.storyboard */,
				005C3351265566EA003E5607 /* AppDelegate.h */,
				005C3352265566EA003E5607 /* AppDelegate.m */,
				005C3354265566EA003E5607 /* SceneDelegate.h */,
				005C3355265566EA003E5607 /* SceneDelegate.m */,
				005C336D26556932003E5607 /* ShowListTableViewController.h */,
				005C336E26556932003E5607 /* ShowListTableViewController.m */,
				005C337026556C86003E5607 /* ShowDetailTableViewController.h */,
				005C337126556C86003E5607 /* ShowDetailTableViewController.m */,
				00518895265D5AB4004EBC2A /* SeasonDetailTableViewController.h */,
				00518896265D5AB4004EBC2A /* SeasonDetailTableViewController.m */,
				00518898265D6255004EBC2A /* EpisodeDetailViewController.h */,
				00518899265D6255004EBC2A /* EpisodeDetailViewController.m */,
				0051888C265BFBB6004EBC2A /* AddShowTableViewController.h */,
				0051888D265BFBB6004EBC2A /* AddShowTableViewController.m */,
				00514C4A265FFFEE00DFABD9 /* AddEpisodesViewController.h */,
				00514C4B265FFFEE00DFABD9 /* AddEpisodesViewController.m */,
				005C337C265587CB003E5607 /* Model */,
				005C335D265566EC003E5607 /* Assets.xcassets */,
				005C335F265566EC003E5607 /* LaunchScreen.storyboard */,
				005C3362265566EC003E5607 /* Info.plist */,
				005C3363265566EC003E5607 /* main.m */,
			);
			path = MyTVShows;
			sourceTree = "<group>";
		};
		005C337C265587CB003E5607 /* Model */ = {
			isa = PBXGroup;
			children = (
				00A50ADB265FAE4D0087DE36 /* Platform+CoreDataProperties.h */,
				00A50ADC265FAE4D0087DE36 /* Platform+CoreDataClass.h */,
				00A50ADD265FAE4D0087DE36 /* Platform+CoreDataClass.m */,
				00A50ADE265FAE4D0087DE36 /* Platform+CoreDataProperties.m */,
				00A50ADF265FAE4D0087DE36 /* Category+CoreDataProperties.h */,
				00A50AE0265FAE4D0087DE36 /* Category+CoreDataClass.h */,
				00A50AE1265FAE4D0087DE36 /* Category+CoreDataClass.m */,
				00A50AE2265FAE4D0087DE36 /* Category+CoreDataProperties.m */,
				00A50AE3265FAE4D0087DE36 /* Episode+CoreDataProperties.h */,
				00A50AE4265FAE4D0087DE36 /* Episode+CoreDataClass.h */,
				00A50AE5265FAE4D0087DE36 /* Episode+CoreDataClass.m */,
				00A50AE6265FAE4D0087DE36 /* Episode+CoreDataProperties.m */,
				00A50AE7265FAE4D0087DE36 /* Season+CoreDataProperties.h */,
				00A50AE8265FAE4D0087DE36 /* Season+CoreDataClass.h */,
				00A50AE9265FAE4D0087DE36 /* Season+CoreDataClass.m */,
				00A50AEA265FAE4D0087DE36 /* Season+CoreDataProperties.m */,
				00A50AEB265FAE4D0087DE36 /* TVShow+CoreDataProperties.h */,
				00A50AEC265FAE4D0087DE36 /* TVShow+CoreDataClass.h */,
				00A50AED265FAE4D0087DE36 /* TVShow+CoreDataClass.m */,
				00A50AEE265FAE4D0087DE36 /* TVShow+CoreDataProperties.m */,
				00A50A37265E61F30087DE36 /* MyTVShow.xcdatamodeld */,
				00A50A75265EEFB60087DE36 /* TVShow+Utils.h */,
				00A50A76265EEFB60087DE36 /* TVShow+Utils.m */,
				00514C47265FEC6900DFABD9 /* Platform+Utils.h */,
				00514C48265FEC6900DFABD9 /* Platform+Utils.m */,
				00A50ABA265F98970087DE36 /* Season+Utils.h */,
				00A50ABB265F98970087DE36 /* Season+Utils.m */,
				00A50AFC265FBEF70087DE36 /* Episode+Utils.h */,
				00A50AFD265FBEF70087DE36 /* Episode+Utils.m */,
				00A50AB7265EFE590087DE36 /* Category+Utils.h */,
				00A50AB8265EFE590087DE36 /* Category+Utils.m */,
			);
			path = Model;
			sourceTree = "<group>";
		};
/* End PBXGroup section */

/* Begin PBXNativeTarget section */
		005C334D265566EA003E5607 /* MyTVShows */ = {
			isa = PBXNativeTarget;
			buildConfigurationList = 005C3367265566EC003E5607 /* Build configuration list for PBXNativeTarget "MyTVShows" */;
			buildPhases = (
				005C334A265566EA003E5607 /* Sources */,
				005C334B265566EA003E5607 /* Frameworks */,
				005C334C265566EA003E5607 /* Resources */,
			);
			buildRules = (
			);
			dependencies = (
			);
			name = MyTVShows;
			productName = MyTVShows;
			productReference = 005C334E265566EA003E5607 /* MyTVShows.app */;
			productType = "com.apple.product-type.application";
		};
/* End PBXNativeTarget section */

/* Begin PBXProject section */
		005C3346265566EA003E5607 /* Project object */ = {
			isa = PBXProject;
			attributes = {
				LastUpgradeCheck = 1100;
				ORGANIZATIONNAME = Alice;
				TargetAttributes = {
					005C334D265566EA003E5607 = {
						CreatedOnToolsVersion = 11.0;
						LastSwiftMigration = 1100;
					};
				};
			};
			buildConfigurationList = 005C3349265566EA003E5607 /* Build configuration list for PBXProject "MyTVShows" */;
			compatibilityVersion = "Xcode 9.3";
			developmentRegion = en;
			hasScannedForEncodings = 0;
			knownRegions = (
				en,
				Base,
			);
			mainGroup = 005C3345265566EA003E5607;
			productRefGroup = 005C334F265566EA003E5607 /* Products */;
			projectDirPath = "";
			projectRoot = "";
			targets = (
				005C334D265566EA003E5607 /* MyTVShows */,
			);
		};
/* End PBXProject section */

/* Begin PBXResourcesBuildPhase section */
		005C334C265566EA003E5607 /* Resources */ = {
			isa = PBXResourcesBuildPhase;
			buildActionMask = 2147483647;
			files = (
				005C3361265566EC003E5607 /* LaunchScreen.storyboard in Resources */,
				005C335E265566EC003E5607 /* Assets.xcassets in Resources */,
				005C335C265566EA003E5607 /* Main.storyboard in Resources */,
			);
			runOnlyForDeploymentPostprocessing = 0;
		};
/* End PBXResourcesBuildPhase section */

/* Begin PBXSourcesBuildPhase section */
		005C334A265566EA003E5607 /* Sources */ = {
			isa = PBXSourcesBuildPhase;
			buildActionMask = 2147483647;
			files = (
				00514C4C265FFFEE00DFABD9 /* AddEpisodesViewController.m in Sources */,
				00A50ABC265F98970087DE36 /* Season+Utils.m in Sources */,
				00A50AF2265FAE4D0087DE36 /* Category+CoreDataProperties.m in Sources */,
				00A50AF8265FAE4D0087DE36 /* TVShow+CoreDataProperties.m in Sources */,
				00A50AF6265FAE4D0087DE36 /* Season+CoreDataProperties.m in Sources */,
				00A50A77265EEFB60087DE36 /* TVShow+Utils.m in Sources */,
				00A50AF1265FAE4D0087DE36 /* Category+CoreDataClass.m in Sources */,
				005C3353265566EA003E5607 /* AppDelegate.m in Sources */,
				00A50AF4265FAE4D0087DE36 /* Episode+CoreDataProperties.m in Sources */,
				00A50AF3265FAE4D0087DE36 /* Episode+CoreDataClass.m in Sources */,
				00A50A39265E61F30087DE36 /* MyTVShow.xcdatamodeld in Sources */,
				0051889A265D6255004EBC2A /* EpisodeDetailViewController.m in Sources */,
				0051888E265BFBB6004EBC2A /* AddShowTableViewController.m in Sources */,
				00A50AF7265FAE4D0087DE36 /* TVShow+CoreDataClass.m in Sources */,
				00A50AB9265EFE590087DE36 /* Category+Utils.m in Sources */,
				005C336F26556932003E5607 /* ShowListTableViewController.m in Sources */,
				00A50AFE265FBEF70087DE36 /* Episode+Utils.m in Sources */,
				00A50AF0265FAE4D0087DE36 /* Platform+CoreDataProperties.m in Sources */,
				005C337226556C86003E5607 /* ShowDetailTableViewController.m in Sources */,
				00A50AF5265FAE4D0087DE36 /* Season+CoreDataClass.m in Sources */,
				005C3364265566EC003E5607 /* main.m in Sources */,
				00514C49265FEC6900DFABD9 /* Platform+Utils.m in Sources */,
				00A50AEF265FAE4D0087DE36 /* Platform+CoreDataClass.m in Sources */,
				005C3356265566EA003E5607 /* SceneDelegate.m in Sources */,
				00518897265D5AB4004EBC2A /* SeasonDetailTableViewController.m in Sources */,
			);
			runOnlyForDeploymentPostprocessing = 0;
		};
/* End PBXSourcesBuildPhase section */

/* Begin PBXVariantGroup section */
		005C335A265566EA003E5607 /* Main.storyboard */ = {
			isa = PBXVariantGroup;
			children = (
				005C335B265566EA003E5607 /* Base */,
			);
			name = Main.storyboard;
			sourceTree = "<group>";
		};
		005C335F265566EC003E5607 /* LaunchScreen.storyboard */ = {
			isa = PBXVariantGroup;
			children = (
				005C3360265566EC003E5607 /* Base */,
			);
			name = LaunchScreen.storyboard;
			sourceTree = "<group>";
		};
/* End PBXVariantGroup section */

/* Begin XCBuildConfiguration section */
		005C3365265566EC003E5607 /* Debug */ = {
			isa = XCBuildConfiguration;
			buildSettings = {
				ALWAYS_SEARCH_USER_PATHS = NO;
				CLANG_ANALYZER_NONNULL = YES;
				CLANG_ANALYZER_NUMBER_OBJECT_CONVERSION = YES_AGGRESSIVE;
				CLANG_CXX_LANGUAGE_STANDARD = "gnu++14";
				CLANG_CXX_LIBRARY = "libc++";
				CLANG_ENABLE_MODULES = YES;
				CLANG_ENABLE_OBJC_ARC = YES;
				CLANG_ENABLE_OBJC_WEAK = YES;
				CLANG_WARN_BLOCK_CAPTURE_AUTORELEASING = YES;
				CLANG_WARN_BOOL_CONVERSION = YES;
				CLANG_WARN_COMMA = YES;
				CLANG_WARN_CONSTANT_CONVERSION = YES;
				CLANG_WARN_DEPRECATED_OBJC_IMPLEMENTATIONS = YES;
				CLANG_WARN_DIRECT_OBJC_ISA_USAGE = YES_ERROR;
				CLANG_WARN_DOCUMENTATION_COMMENTS = YES;
				CLANG_WARN_EMPTY_BODY = YES;
				CLANG_WARN_ENUM_CONVERSION = YES;
				CLANG_WARN_INFINITE_RECURSION = YES;
				CLANG_WARN_INT_CONVERSION = YES;
				CLANG_WARN_NON_LITERAL_NULL_CONVERSION = YES;
				CLANG_WARN_OBJC_IMPLICIT_RETAIN_SELF = YES;
				CLANG_WARN_OBJC_LITERAL_CONVERSION = YES;
				CLANG_WARN_OBJC_ROOT_CLASS = YES_ERROR;
				CLANG_WARN_RANGE_LOOP_ANALYSIS = YES;
				CLANG_WARN_STRICT_PROTOTYPES = YES;
				CLANG_WARN_SUSPICIOUS_MOVE = YES;
				CLANG_WARN_UNGUARDED_AVAILABILITY = YES_AGGRESSIVE;
				CLANG_WARN_UNREACHABLE_CODE = YES;
				CLANG_WARN__DUPLICATE_METHOD_MATCH = YES;
				COPY_PHASE_STRIP = NO;
				DEBUG_INFORMATION_FORMAT = dwarf;
				ENABLE_STRICT_OBJC_MSGSEND = YES;
				ENABLE_TESTABILITY = YES;
				GCC_C_LANGUAGE_STANDARD = gnu11;
				GCC_DYNAMIC_NO_PIC = NO;
				GCC_NO_COMMON_BLOCKS = YES;
				GCC_OPTIMIZATION_LEVEL = 0;
				GCC_PREPROCESSOR_DEFINITIONS = (
					"DEBUG=1",
					"$(inherited)",
				);
				GCC_WARN_64_TO_32_BIT_CONVERSION = YES;
				GCC_WARN_ABOUT_RETURN_TYPE = YES_ERROR;
				GCC_WARN_UNDECLARED_SELECTOR = YES;
				GCC_WARN_UNINITIALIZED_AUTOS = YES_AGGRESSIVE;
				GCC_WARN_UNUSED_FUNCTION = YES;
				GCC_WARN_UNUSED_VARIABLE = YES;
				IPHONEOS_DEPLOYMENT_TARGET = 13.0;
				MTL_ENABLE_DEBUG_INFO = INCLUDE_SOURCE;
				MTL_FAST_MATH = YES;
				ONLY_ACTIVE_ARCH = YES;
				SDKROOT = iphoneos;
			};
			name = Debug;
		};
		005C3366265566EC003E5607 /* Release */ = {
			isa = XCBuildConfiguration;
			buildSettings = {
				ALWAYS_SEARCH_USER_PATHS = NO;
				CLANG_ANALYZER_NONNULL = YES;
				CLANG_ANALYZER_NUMBER_OBJECT_CONVERSION = YES_AGGRESSIVE;
				CLANG_CXX_LANGUAGE_STANDARD = "gnu++14";
				CLANG_CXX_LIBRARY = "libc++";
				CLANG_ENABLE_MODULES = YES;
				CLANG_ENABLE_OBJC_ARC = YES;
				CLANG_ENABLE_OBJC_WEAK = YES;
				CLANG_WARN_BLOCK_CAPTURE_AUTORELEASING = YES;
				CLANG_WARN_BOOL_CONVERSION = YES;
				CLANG_WARN_COMMA = YES;
				CLANG_WARN_CONSTANT_CONVERSION = YES;
				CLANG_WARN_DEPRECATED_OBJC_IMPLEMENTATIONS = YES;
				CLANG_WARN_DIRECT_OBJC_ISA_USAGE = YES_ERROR;
				CLANG_WARN_DOCUMENTATION_COMMENTS = YES;
				CLANG_WARN_EMPTY_BODY = YES;
				CLANG_WARN_ENUM_CONVERSION = YES;
				CLANG_WARN_INFINITE_RECURSION = YES;
				CLANG_WARN_INT_CONVERSION = YES;
				CLANG_WARN_NON_LITERAL_NULL_CONVERSION = YES;
				CLANG_WARN_OBJC_IMPLICIT_RETAIN_SELF = YES;
				CLANG_WARN_OBJC_LITERAL_CONVERSION = YES;
				CLANG_WARN_OBJC_ROOT_CLASS = YES_ERROR;
				CLANG_WARN_RANGE_LOOP_ANALYSIS = YES;
				CLANG_WARN_STRICT_PROTOTYPES = YES;
				CLANG_WARN_SUSPICIOUS_MOVE = YES;
				CLANG_WARN_UNGUARDED_AVAILABILITY = YES_AGGRESSIVE;
				CLANG_WARN_UNREACHABLE_CODE = YES;
				CLANG_WARN__DUPLICATE_METHOD_MATCH = YES;
				COPY_PHASE_STRIP = NO;
				DEBUG_INFORMATION_FORMAT = "dwarf-with-dsym";
				ENABLE_NS_ASSERTIONS = NO;
				ENABLE_STRICT_OBJC_MSGSEND = YES;
				GCC_C_LANGUAGE_STANDARD = gnu11;
				GCC_NO_COMMON_BLOCKS = YES;
				GCC_WARN_64_TO_32_BIT_CONVERSION = YES;
				GCC_WARN_ABOUT_RETURN_TYPE = YES_ERROR;
				GCC_WARN_UNDECLARED_SELECTOR = YES;
				GCC_WARN_UNINITIALIZED_AUTOS = YES_AGGRESSIVE;
				GCC_WARN_UNUSED_FUNCTION = YES;
				GCC_WARN_UNUSED_VARIABLE = YES;
				IPHONEOS_DEPLOYMENT_TARGET = 13.0;
				MTL_ENABLE_DEBUG_INFO = NO;
				MTL_FAST_MATH = YES;
				SDKROOT = iphoneos;
				VALIDATE_PRODUCT = YES;
			};
			name = Release;
		};
		005C3368265566EC003E5607 /* Debug */ = {
			isa = XCBuildConfiguration;
			buildSettings = {
				ASSETCATALOG_COMPILER_APPICON_NAME = AppIcon;
				CLANG_ENABLE_MODULES = YES;
				CODE_SIGN_STYLE = Automatic;
				INFOPLIST_FILE = MyTVShows/Info.plist;
				LD_RUNPATH_SEARCH_PATHS = (
					"$(inherited)",
					"@executable_path/Frameworks",
				);
				PRODUCT_BUNDLE_IDENTIFIER = com.unipr.MyTVShows;
				PRODUCT_NAME = "$(TARGET_NAME)";
				SWIFT_OPTIMIZATION_LEVEL = "-Onone";
				SWIFT_VERSION = 5.0;
				TARGETED_DEVICE_FAMILY = "1,2";
			};
			name = Debug;
		};
		005C3369265566EC003E5607 /* Release */ = {
			isa = XCBuildConfiguration;
			buildSettings = {
				ASSETCATALOG_COMPILER_APPICON_NAME = AppIcon;
				CLANG_ENABLE_MODULES = YES;
				CODE_SIGN_STYLE = Automatic;
				INFOPLIST_FILE = MyTVShows/Info.plist;
				LD_RUNPATH_SEARCH_PATHS = (
					"$(inherited)",
					"@executable_path/Frameworks",
				);
				PRODUCT_BUNDLE_IDENTIFIER = com.unipr.MyTVShows;
				PRODUCT_NAME = "$(TARGET_NAME)";
				SWIFT_VERSION = 5.0;
				TARGETED_DEVICE_FAMILY = "1,2";
			};
			name = Release;
		};
/* End XCBuildConfiguration section */

/* Begin XCConfigurationList section */
		005C3349265566EA003E5607 /* Build configuration list for PBXProject "MyTVShows" */ = {
			isa = XCConfigurationList;
			buildConfigurations = (
				005C3365265566EC003E5607 /* Debug */,
				005C3366265566EC003E5607 /* Release */,
			);
			defaultConfigurationIsVisible = 0;
			defaultConfigurationName = Release;
		};
		005C3367265566EC003E5607 /* Build configuration list for PBXNativeTarget "MyTVShows" */ = {
			isa = XCConfigurationList;
			buildConfigurations = (
				005C3368265566EC003E5607 /* Debug */,
				005C3369265566EC003E5607 /* Release */,
			);
			defaultConfigurationIsVisible = 0;
			defaultConfigurationName = Release;
		};
/* End XCConfigurationList section */

/* Begin XCVersionGroup section */
		00A50A37265E61F30087DE36 /* MyTVShow.xcdatamodeld */ = {
			isa = XCVersionGroup;
			children = (
				00A50A38265E61F30087DE36 /* MyTVShow.xcdatamodel */,
			);
			currentVersion = 00A50A38265E61F30087DE36 /* MyTVShow.xcdatamodel */;
			path = MyTVShow.xcdatamodeld;
			sourceTree = "<group>";
			versionGroupType = wrapper.xcdatamodel;
		};
/* End XCVersionGroup section */
	};
	rootObject = 005C3346265566EA003E5607 /* Project object */;
}
